<?xml version="1.0" encoding="UTF-8" standalone="yes" ?>
<CodeBlocks_project_file>
	<FileVersion major="1" minor="6" />
	<Project>
		<Option title="cutest-cc65" />
		<Option pch_mode="2" />
		<Option compiler="null" />
		<Build>
			<Target title="CC65Debug">
				<Option output="cutest-cc65_Dbg.lib" prefix_auto="0" extension_auto="0" />
				<Option working_dir="" />
				<Option object_output="cc65/obj/Debug/" />
				<Option type="2" />
				<Option compiler="cc65" />
				<Compiler>
					<Add option="-g" />
				</Compiler>
				<Linker>
					<Add library="CutestString/libCutestString-cc65Dbg.lib" />
					<Add library="CuAlloc/CuAllocDbg.lib" />
				</Linker>
			</Target>
			<Target title="CC65Release">
				<Option output="cutest-cc65.lib" prefix_auto="0" extension_auto="0" />
				<Option working_dir="" />
				<Option object_output="cc65/obj/Release/" />
				<Option type="2" />
				<Option compiler="cc65" />
				<Compiler>
					<Add option="-DNDEBUG" />
				</Compiler>
				<Linker>
					<Add library="CuString/CutestString_cc65.lib" />
					<Add library="CuAlloc/CuAlloc.lib" />
				</Linker>
			</Target>
			<Target title="CC65Selftest">
				<Option output="CuTestTest-cc65.prg" prefix_auto="1" extension_auto="0" />
				<Option object_output="cc65/obj/Debug/" />
				<Option type="1" />
				<Option compiler="cc65" />
				<Option use_console_runner="0" />
				<Linker>
					<Add library="CuString/CutestString-cc65Dbg.lib" />
					<Add library="CuAlloc/CuAllocDbg.lib" />
				</Linker>
			</Target>
			<Target title="Debug">
				<Option output="cutest_Dbg" prefix_auto="1" extension_auto="1" />
				<Option working_dir="" />
				<Option object_output="obj/Debug" />
				<Option type="2" />
				<Option compiler="gcc" />
				<Option createDefFile="1" />
				<Option projectCompilerOptionsRelation="1" />
				<Compiler>
					<Add option="-g" />
					<Add option="-std=c99 -fplan9-extensions" />
				</Compiler>
				<Linker>
					<Add library="CuAlloc/libCuAlloc.lib.a" />
					<Add library="../MyCLib/libMCLib.a" />
				</Linker>
			</Target>
			<Target title="Selftest">
				<Option output="cutest.exe" prefix_auto="0" extension_auto="0" />
				<Option object_output="obj/Debug" />
				<Option type="1" />
				<Option compiler="gcc" />
				<Option use_console_runner="0" />
				<Option projectCompilerOptionsRelation="1" />
				<Compiler>
					<Add option="-g" />
					<Add option="-std=c99 -fplan9-extensions" />
				</Compiler>
				<Linker>
					<Add library="CuString/libCutestString-cc65_dbg.a" />
					<Add library="CuAlloc/libCuAllocDbg.a" />
					<Add library="../MyCLib/libMCLib.a" />
				</Linker>
				<ExtraCommands>
					<Add after="cutest.exe" />
					<Mode after="always" />
				</ExtraCommands>
			</Target>
			<Target title="Release">
				<Option output="cutest.a" prefix_auto="1" extension_auto="0" />
				<Option working_dir="" />
				<Option type="2" />
				<Option compiler="gcc" />
				<Option createDefFile="1" />
				<Compiler>
					<Add option="-Os" />
					<Add option="-Wextra" />
					<Add option="-std=c99 -fplan9-extensions" />
				</Compiler>
				<Linker>
					<Add option="-s" />
					<Add library="../MyCLib/libMCLib.a" />
				</Linker>
			</Target>
		</Build>
		<VirtualTargets>
			<Add alias="All, selftest contained" targets="CC65Debug;CC65Release;CC65Selftest;" />
			<Add alias="gccall" targets="Debug;Selftest;Release;" />
		</VirtualTargets>
		<Compiler>
			<Add directory="../MyCLib" />
		</Compiler>
		<ExtraCommands>
			<Add before="cmd /c echo %CC65_HOME%" />
		</ExtraCommands>
		<Unit filename="AllTests.c">
			<Option compilerVar="CC" />
			<Option target="CC65Selftest" />
			<Option target="Debug" />
			<Option target="Selftest" />
		</Unit>
		<Unit filename="AllTests.c.lst">
			<Option target="CC65Selftest" />
			<Option target="Selftest" />
		</Unit>
		<Unit filename="CuAssertLine.c">
			<Option compilerVar="CC" />
		</Unit>
		<Unit filename="CuMallocWrapper.h" />
		<Unit filename="CuTest.c">
			<Option compilerVar="CC" />
		</Unit>
		<Unit filename="CuTest.h" />
		<Unit filename="CuTestAddSuite.c">
			<Option compilerVar="CC" />
		</Unit>
		<Unit filename="CuTestAppendMessage.c">
			<Option compilerVar="CC" />
		</Unit>
		<Unit filename="CuTestAssertArrayElementsConstant.c">
			<Option compilerVar="CC" />
		</Unit>
		<Unit filename="CuTestAssertArrayEqualsLineMsg.c">
			<Option compilerVar="CC" />
		</Unit>
		<Unit filename="CuTestAssertArrayEqualsStepFunc.c">
			<Option compilerVar="CC" />
		</Unit>
		<Unit filename="CuTestAssertGeneralEqualsLineMsg.c">
			<Option compilerVar="CC" />
		</Unit>
		<Unit filename="CuTestAssertIntEqualsLineMsg.c">
			<Option compilerVar="CC" />
		</Unit>
		<Unit filename="CuTestAssertPtrEqualsLineMsg.c">
			<Option compilerVar="CC" />
		</Unit>
		<Unit filename="CuTestAssertStrEqualsLineMsg.c">
			<Option compilerVar="CC" />
		</Unit>
		<Unit filename="CuTestDelete.c">
			<Option compilerVar="CC" />
		</Unit>
		<Unit filename="CuTestFailInternal.c">
			<Option compilerVar="CC" />
		</Unit>
		<Unit filename="CuTestFailLine.c">
			<Option compilerVar="CC" />
		</Unit>
		<Unit filename="CuTestFprintf.c">
			<Option compilerVar="CC" />
		</Unit>
		<Unit filename="CuTestGenerateMessage.c">
			<Option compilerVar="CC" />
		</Unit>
		<Unit filename="CuTestGenerateReportString.c">
			<Option compilerVar="CC" />
		</Unit>
		<Unit filename="CuTestInit.c">
			<Option compilerVar="CC" />
		</Unit>
		<Unit filename="CuTestNew.c">
			<Option compilerVar="CC" />
		</Unit>
		<Unit filename="CuTestOutputResult.c">
			<Option compilerVar="CC" />
		</Unit>
		<Unit filename="CuTestReportDestroy.c">
			<Option compilerVar="CC" />
		</Unit>
		<Unit filename="CuTestReportNew.c">
			<Option compilerVar="CC" />
		</Unit>
		<Unit filename="CuTestRun.c">
			<Option compilerVar="CC" />
		</Unit>
		<Unit filename="CuTestSetProgressStartEnd.c">
			<Option compilerVar="CC" />
		</Unit>
		<Unit filename="CuTestSuiteAdd.c">
			<Option compilerVar="CC" />
		</Unit>
		<Unit filename="CuTestSuiteDelete.c">
			<Option compilerVar="CC" />
		</Unit>
		<Unit filename="CuTestSuiteDetails.c">
			<Option compilerVar="CC" />
		</Unit>
		<Unit filename="CuTestSuiteGetFailcount.c">
			<Option compilerVar="CC" />
		</Unit>
		<Unit filename="CuTestSuiteGetTestcount.c">
			<Option compilerVar="CC" />
		</Unit>
		<Unit filename="CuTestSuiteInit.c">
			<Option compilerVar="CC" />
		</Unit>
		<Unit filename="CuTestSuiteNew.c">
			<Option compilerVar="CC" />
		</Unit>
		<Unit filename="CuTestSuiteRun.c">
			<Option compilerVar="CC" />
		</Unit>
		<Unit filename="CuTestSuiteSummary.c">
			<Option compilerVar="CC" />
		</Unit>
		<Unit filename="CuTestTest-cc65.map">
			<Option target="CC65Debug" />
			<Option target="CC65Release" />
			<Option target="CC65Selftest" />
		</Unit>
		<Unit filename="CuTestTest-cc65.prg.map">
			<Option target="CC65Debug" />
			<Option target="CC65Release" />
			<Option target="CC65Selftest" />
		</Unit>
		<Unit filename="CuTestTest.c">
			<Option compilerVar="CC" />
			<Option target="CC65Selftest" />
			<Option target="Selftest" />
			<Option target="Release" />
		</Unit>
		<Unit filename="CuTestTest.h">
			<Option target="CC65Selftest" />
			<Option target="Selftest" />
		</Unit>
		<Unit filename="CuTestTest_shared.c">
			<Option compilerVar="CC" />
			<Option target="CC65Debug" />
			<Option target="CC65Release" />
			<Option target="CC65Selftest" />
			<Option target="Debug" />
			<Option target="Selftest" />
		</Unit>
		<Unit filename="CuTest_internal.h" />
		<Unit filename="CuTest_setup.c">
			<Option compilerVar="CC" />
		</Unit>
		<Unit filename="README.txt">
			<Option target="CC65Debug" />
			<Option target="CC65Release" />
			<Option target="CC65Selftest" />
			<Option target="Selftest" />
			<Option target="Release" />
		</Unit>
		<Unit filename="cutest-cc65.cfg">
			<Option target="CC65Debug" />
			<Option target="CC65Release" />
			<Option target="CC65Selftest" />
			<Option target="Release" />
		</Unit>
		<Unit filename="license.txt">
			<Option target="CC65Debug" />
			<Option target="CC65Release" />
			<Option target="CC65Selftest" />
			<Option target="Selftest" />
			<Option target="Release" />
		</Unit>
		<Unit filename="main.c">
			<Option compilerVar="CC" />
			<Option target="CC65Selftest" />
			<Option target="Selftest" />
			<Option target="Release" />
		</Unit>
		<Extensions>
			<code_completion />
			<envvars />
			<debugger />
			<lib_finder disable_auto="1" />
		</Extensions>
	</Project>
</CodeBlocks_project_file>
