<?xml version="1.0" encoding="UTF-8" standalone="yes" ?>
<CodeBlocks_project_file>
	<FileVersion major="1" minor="6" />
	<Project>
		<Option title="CuString_UnitTests" />
		<Option pch_mode="2" />
		<Option default_target="gccSelftest" />
		<Option compiler="cc65" />
		<Build>
			<Target title="Debug">
				<Option output="CutestString-test.exe" prefix_auto="0" extension_auto="0" />
				<Option object_output="obj/gccUTests" />
				<Option external_deps="libCutestString-cc65_dbg.a;../CuAlloc/libCuAllocDbg.a;../libcutest_Dbg.a;" />
				<Option type="1" />
				<Option compiler="gcc" />
				<Option projectCompilerOptionsRelation="1" />
				<Compiler>
					<Add option="-Wall -g -fplan9-extensions -std=gnu11" />
				</Compiler>
				<Linker>
					<Add library="./libCutestString-cc65_dbg.a" />
					<Add library="../CuAlloc/libCuAllocDbg.a" />
					<Add library="../libcutest_Dbg.a" />
				</Linker>
				<ExtraCommands>
					<Add after="./CutestString-test.exe" />
				</ExtraCommands>
			</Target>
		</Build>
		<Unit filename="AllTests.c">
			<Option compilerVar="CC" />
			<Option target="Selftest" />
			<Option target="Debug" />
		</Unit>
		<Unit filename="CutestString.h" />
		<Unit filename="CutestStringTest.c">
			<Option compilerVar="CC" />
			<Option target="Selftest" />
			<Option target="Debug" />
		</Unit>
		<Unit filename="CutestString_internal.h" />
		<Unit filename="main.c">
			<Option compilerVar="CC" />
			<Option target="Selftest" />
			<Option target="Debug" />
		</Unit>
		<Extensions>
			<code_completion />
			<envvars />
			<debugger />
			<lib_finder disable_auto="1" />
		</Extensions>
	</Project>
</CodeBlocks_project_file>
