<?xml version="1.0" encoding="UTF-8" standalone="yes" ?>
<CodeBlocks_project_file>
	<FileVersion major="1" minor="6" />
	<Project>
		<Option title="CuString_UnitTests" />
		<Option pch_mode="2" />
		<Option compiler="gcc" />
		<Build>
			<Target title="gccDebug">
				<Option output="CuString_UnitTestsDbg.exe" prefix_auto="0" extension_auto="0" />
				<Option object_output="obj/Debug/" />
				<Option external_deps="libCutestString-cc65_dbg.a;../../MCLib/libMCLib.a;" />
				<Option type="1" />
				<Option compiler="gcc" />
				<Compiler>
					<Add option="-g" />
				</Compiler>
				<Linker>
					<Add library="./libCutestString-cc65_dbg.a" />
				</Linker>
				<ExtraCommands>
					<Add after="./CuString_UnitTestsDbg.exe" />
					<Mode after="always" />
				</ExtraCommands>
			</Target>
			<Target title="gccRelease">
				<Option output="CuString_UnitTests" prefix_auto="1" extension_auto="1" />
				<Option object_output="obj/Release/" />
				<Option external_deps="libCutestString-cc65.a;" />
				<Option type="1" />
				<Option compiler="gcc" />
				<Compiler>
					<Add option="-O2" />
					<Add option="-O -s" />
				</Compiler>
				<Linker>
					<Add option="-s" />
					<Add library="./libCutestString-cc65.a" />
				</Linker>
				<ExtraCommands>
					<Add after="./CuString_UnitTests.exe" />
					<Mode after="always" />
				</ExtraCommands>
			</Target>
		</Build>
		<Compiler>
			<Add option="-Wall" />
			<Add option="--std c11 -fplan9-extensions" />
		</Compiler>
		<Linker>
			<Add option="$libdir/libcunit.a" />
		</Linker>
		<Unit filename="CuStringUnitTests.c">
			<Option compilerVar="CC" />
		</Unit>
		<Extensions>
			<code_completion />
			<debugger />
		</Extensions>
	</Project>
</CodeBlocks_project_file>
