<?xml version="1.0" encoding="UTF-8" standalone="yes" ?>
<CodeBlocks_project_file>
	<FileVersion major="1" minor="6" />
	<Project>
		<Option title="CutestString-cc65" />
		<Option pch_mode="2" />
		<Option compiler="cc65" />
		<Build>
			<Target title="Debug">
				<Option output="../../CutestString-cc65Dbg" prefix_auto="1" extension_auto="1" />
				<Option working_dir="" />
				<Option object_output="obj/Debug/" />
				<Option type="2" />
				<Option compiler="cc65" />
				<Linker>
					<Add library="..\..\libcutest-cc65_Dbg.lib" />
				</Linker>
			</Target>
			<Target title="Release">
				<Option output="../../CutestString_cc65" prefix_auto="1" extension_auto="1" />
				<Option working_dir="" />
				<Option object_output="obj/Release/" />
				<Option type="2" />
				<Option compiler="cc65" />
				<Linker>
					<Add library="..\..\libcutest-cc65.lib" />
				</Linker>
			</Target>
			<Target title="Selftest">
				<Option output="TestCutestString-cc65.prg" prefix_auto="1" extension_auto="0" />
				<Option object_output="obj/Debug/" />
				<Option type="1" />
				<Option compiler="cc65" />
				<Option use_console_runner="0" />
				<Compiler>
					<Add option="--check-stack" />
				</Compiler>
				<Linker>
					<Add library="..\..\cutest-cc65_Dbg.lib" />
					<Add library="..\..\CutestString-cc65Dbg.lib" />
				</Linker>
			</Target>
		</Build>
		<VirtualTargets>
			<Add alias="CuTestString, selftest contained" targets="Debug;Release;Selftest;" />
		</VirtualTargets>
		<Compiler>
			<Add directory=".." />
		</Compiler>
		<Linker>
			<Add option="-C CutestString-cc65.cfg" />
		</Linker>
		<ExtraCommands>
			<Add before="cmd /c echo %CC65_HOME%" />
		</ExtraCommands>
		<Unit filename="AllTests.c">
			<Option compilerVar="CC" />
			<Option target="Selftest" />
		</Unit>
		<Unit filename="CuStrAlloc.c">
			<Option compilerVar="CC" />
		</Unit>
		<Unit filename="CuStrCopy.c">
			<Option compilerVar="CC" />
			<Option target="Debug" />
			<Option target="Release" />
		</Unit>
		<Unit filename="CuStringAppend.c">
			<Option compilerVar="CC" />
			<Option target="Debug" />
			<Option target="Release" />
		</Unit>
		<Unit filename="CuStringAppendChar.c">
			<Option compilerVar="CC" />
			<Option target="Debug" />
			<Option target="Release" />
		</Unit>
		<Unit filename="CuStringAppendFormat.c">
			<Option compilerVar="CC" />
			<Option target="Debug" />
			<Option target="Release" />
		</Unit>
		<Unit filename="CuStringAppendISvsNOT.c">
			<Option compilerVar="CC" />
			<Option target="Debug" />
			<Option target="Release" />
		</Unit>
		<Unit filename="CuStringAppendLineFile.c">
			<Option compilerVar="CC" />
			<Option target="Debug" />
			<Option target="Release" />
		</Unit>
		<Unit filename="CuStringAppendULong.c">
			<Option compilerVar="CC" />
			<Option target="Debug" />
			<Option target="Release" />
		</Unit>
		<Unit filename="CuStringCStr.c">
			<Option compilerVar="CC" />
			<Option target="Debug" />
			<Option target="Release" />
		</Unit>
		<Unit filename="CuStringClear.c">
			<Option compilerVar="CC" />
		</Unit>
		<Unit filename="CuStringComposeMessage.c">
			<Option compilerVar="CC" />
			<Option target="Debug" />
			<Option target="Release" />
		</Unit>
		<Unit filename="CuStringConvertCStr.c">
			<Option compilerVar="CC" />
			<Option target="Debug" />
			<Option target="Release" />
		</Unit>
		<Unit filename="CuStringDelete.c">
			<Option compilerVar="CC" />
			<Option target="Debug" />
			<Option target="Release" />
		</Unit>
		<Unit filename="CuStringInit.c">
			<Option compilerVar="CC" />
			<Option target="Debug" />
			<Option target="Release" />
		</Unit>
		<Unit filename="CuStringLen.c">
			<Option compilerVar="CC" />
			<Option target="Debug" />
			<Option target="Release" />
		</Unit>
		<Unit filename="CuStringNew.c">
			<Option compilerVar="CC" />
		</Unit>
		<Unit filename="CuStringResize.c">
			<Option compilerVar="CC" />
			<Option target="Debug" />
			<Option target="Release" />
		</Unit>
		<Unit filename="CuStringSize.c">
			<Option compilerVar="CC" />
			<Option target="Debug" />
			<Option target="Release" />
		</Unit>
		<Unit filename="CutestString-cc65.cfg" />
		<Unit filename="CutestString.c">
			<Option compilerVar="CC" />
		</Unit>
		<Unit filename="CutestString.h" />
		<Unit filename="CutestStringTest.c">
			<Option compilerVar="CC" />
			<Option target="Selftest" />
		</Unit>
		<Unit filename="CutestString_internal.h" />
		<Unit filename="README.txt">
			<Option target="Debug" />
			<Option target="Release" />
		</Unit>
		<Unit filename="license.txt">
			<Option target="Debug" />
			<Option target="Release" />
		</Unit>
		<Unit filename="main.c">
			<Option compilerVar="CC" />
			<Option target="Selftest" />
		</Unit>
		<Extensions>
			<code_completion />
			<envvars />
			<debugger />
			<lib_finder disable_auto="1" />
		</Extensions>
	</Project>
</CodeBlocks_project_file>
